
Microsoft Visual Studio Solution File, Format Version 12.00
# Visual Studio Version 17
VisualStudioVersion = 17.5.002.0
MinimumVisualStudioVersion = 10.0.40219.1
Project("{9A19103F-16F7-4668-BE54-9A1E7A4F7556}") = "LeadManagementApi", "LeadManagementApi.csproj", "{CE8B3551-1833-47CC-AF28-756A27B74126}"
EndProject
Global
	GlobalSection(SolutionConfigurationPlatforms) = preSolution
		Debug|Any CPU = Debug|Any CPU
		Release|Any CPU = Release|Any CPU
	EndGlobalSection
	GlobalSection(ProjectConfigurationPlatforms) = postSolution
		{CE8B3551-1833-47CC-AF28-756A27B74126}.Debug|Any CPU.ActiveCfg = Debug|Any CPU
		{CE8B3551-1833-47CC-AF28-756A27B74126}.Debug|Any CPU.Build.0 = Debug|Any CPU
		{CE8B3551-1833-47CC-AF28-756A27B74126}.Release|Any CPU.ActiveCfg = Release|Any CPU
		{CE8B3551-1833-47CC-AF28-756A27B74126}.Release|Any CPU.Build.0 = Release|Any CPU
	EndGlobalSection
	GlobalSection(SolutionProperties) = preSolution
		HideSolutionNode = FALSE
	EndGlobalSection
	GlobalSection(ExtensibilityGlobals) = postSolution
		SolutionGuid = {44675B3E-BAB4-4A50-B805-0A5621211CCC}
	EndGlobalSection
EndGlobal
